// !$*UTF8*$!
{
	archiveVersion = 1;
	classes = {
	};
	objectVersion = 50;
	objects = {

/* Begin PBXBuildFile section */
		4587310F25D4C25C00A8BA4C /* AppDelegate.swift in Sources */ = {isa = PBXBuildFile; fileRef = 4587310E25D4C25C00A8BA4C /* AppDelegate.swift */; };
		4587311125D4C25C00A8BA4C /* SceneDelegate.swift in Sources */ = {isa = PBXBuildFile; fileRef = 4587311025D4C25C00A8BA4C /* SceneDelegate.swift */; };
		4587311325D4C25C00A8BA4C /* ViewController.swift in Sources */ = {isa = PBXBuildFile; fileRef = 4587311225D4C25C00A8BA4C /* ViewController.swift */; };
		4587311625D4C25C00A8BA4C /* Main.storyboard in Resources */ = {isa = PBXBuildFile; fileRef = 4587311425D4C25C00A8BA4C /* Main.storyboard */; };
		4587311825D4C25D00A8BA4C /* Assets.xcassets in Resources */ = {isa = PBXBuildFile; fileRef = 4587311725D4C25D00A8BA4C /* Assets.xcassets */; };
		4587311B25D4C25D00A8BA4C /* LaunchScreen.storyboard in Resources */ = {isa = PBXBuildFile; fileRef = 4587311925D4C25D00A8BA4C /* LaunchScreen.storyboard */; };
/* End PBXBuildFile section */

/* Begin PBXFileReference section */
		4587310B25D4C25C00A8BA4C /* pickly.app */ = {isa = PBXFileReference; explicitFileType = wrapper.application; includeInIndex = 0; path = pickly.app; sourceTree = BUILT_PRODUCTS_DIR; };
		4587310E25D4C25C00A8BA4C /* AppDelegate.swift */ = {isa = PBXFileReference; lastKnownFileType = sourcecode.swift; path = AppDelegate.swift; sourceTree = "<group>"; };
		4587311025D4C25C00A8BA4C /* SceneDelegate.swift */ = {isa = PBXFileReference; lastKnownFileType = sourcecode.swift; path = SceneDelegate.swift; sourceTree = "<group>"; };
		4587311225D4C25C00A8BA4C /* ViewController.swift */ = {isa = PBXFileReference; lastKnownFileType = sourcecode.swift; path = ViewController.swift; sourceTree = "<group>"; };
		4587311525D4C25C00A8BA4C /* Base */ = {isa = PBXFileReference; lastKnownFileType = file.storyboard; name = Base; path = Base.lproj/Main.storyboard; sourceTree = "<group>"; };
		4587311725D4C25D00A8BA4C /* Assets.xcassets */ = {isa = PBXFileReference; lastKnownFileType = folder.assetcatalog; path = Assets.xcassets; sourceTree = "<group>"; };
		4587311A25D4C25D00A8BA4C /* Base */ = {isa = PBXFileReference; lastKnownFileType = file.storyboard; name = Base; path = Base.lproj/LaunchScreen.storyboard; sourceTree = "<group>"; };
		4587311C25D4C25D00A8BA4C /* Info.plist */ = {isa = PBXFileReference; lastKnownFileType = text.plist.xml; path = Info.plist; sourceTree = "<group>"; };
/* End PBXFileReference section */

/* Begin PBXFrameworksBuildPhase section */
		4587310825D4C25C00A8BA4C /* Frameworks */ = {
			isa = PBXFrameworksBuildPhase;
			buildActionMask = 2147483647;
			files = (
			);
			runOnlyForDeploymentPostprocessing = 0;
		};
/* End PBXFrameworksBuildPhase section */

/* Begin PBXGroup section */
		4587310225D4C25C00A8BA4C = {
			isa = PBXGroup;
			children = (
				4587310D25D4C25C00A8BA4C /* pickly */,
				4587310C25D4C25C00A8BA4C /* Products */,
			);
			sourceTree = "<group>";
		};
		4587310C25D4C25C00A8BA4C /* Products */ = {
			isa = PBXGroup;
			children = (
				4587310B25D4C25C00A8BA4C /* pickly.app */,
			);
			name = Products;
			sourceTree = "<group>";
		};
		4587310D25D4C25C00A8BA4C /* pickly */ = {
			isa = PBXGroup;
			children = (
				4587310E25D4C25C00A8BA4C /* AppDelegate.swift */,
				4587311025D4C25C00A8BA4C /* SceneDelegate.swift */,
				4587311225D4C25C00A8BA4C /* ViewController.swift */,
				4587311425D4C25C00A8BA4C /* Main.storyboard */,
				4587311725D4C25D00A8BA4C /* Assets.xcassets */,
				4587311925D4C25D00A8BA4C /* LaunchScreen.storyboard */,
				4587311C25D4C25D00A8BA4C /* Info.plist */,
			);
			path = pickly;
			sourceTree = "<group>";
		};
/* End PBXGroup section */

/* Begin PBXNativeTarget section */
		4587310A25D4C25C00A8BA4C /* pickly */ = {
			isa = PBXNativeTarget;
			buildConfigurationList = 4587311F25D4C25D00A8BA4C /* Build configuration list for PBXNativeTarget "pickly" */;
			buildPhases = (
				4587310725D4C25C00A8BA4C /* Sources */,
				4587310825D4C25C00A8BA4C /* Frameworks */,
				4587310925D4C25C00A8BA4C /* Resources */,
			);
			buildRules = (
			);
			dependencies = (
			);
			name = pickly;
			productName = pickly;
			productReference = 4587310B25D4C25C00A8BA4C /* pickly.app */;
			productType = "com.apple.product-type.application";
		};
/* End PBXNativeTarget section */

/* Begin PBXProject section */
		4587310325D4C25C00A8BA4C /* Project object */ = {
			isa = PBXProject;
			attributes = {
				LastSwiftUpdateCheck = 1230;
				LastUpgradeCheck = 1230;
				TargetAttributes = {
					4587310A25D4C25C00A8BA4C = {
						CreatedOnToolsVersion = 12.3;
					};
				};
			};
			buildConfigurationList = 4587310625D4C25C00A8BA4C /* Build configuration list for PBXProject "pickly" */;
			compatibilityVersion = "Xcode 9.3";
			developmentRegion = en;
			hasScannedForEncodings = 0;
			knownRegions = (
				en,
				Base,
			);
			mainGroup = 4587310225D4C25C00A8BA4C;
			productRefGroup = 4587310C25D4C25C00A8BA4C /* Products */;
			projectDirPath = "";
			projectRoot = "";
			targets = (
				4587310A25D4C25C00A8BA4C /* pickly */,
			);
		};
/* End PBXProject section */

/* Begin PBXResourcesBuildPhase section */
		4587310925D4C25C00A8BA4C /* Resources */ = {
			isa = PBXResourcesBuildPhase;
			buildActionMask = 2147483647;
			files = (
				4587311B25D4C25D00A8BA4C /* LaunchScreen.storyboard in Resources */,
				4587311825D4C25D00A8BA4C /* Assets.xcassets in Resources */,
				4587311625D4C25C00A8BA4C /* Main.storyboard in Resources */,
			);
			runOnlyForDeploymentPostprocessing = 0;
		};
/* End PBXResourcesBuildPhase section */

/* Begin PBXSourcesBuildPhase section */
		4587310725D4C25C00A8BA4C /* Sources */ = {
			isa = PBXSourcesBuildPhase;
			buildActionMask = 2147483647;
			files = (
				4587311325D4C25C00A8BA4C /* ViewController.swift in Sources */,
				4587310F25D4C25C00A8BA4C /* AppDelegate.swift in Sources */,
				4587311125D4C25C00A8BA4C /* SceneDelegate.swift in Sources */,
			);
			runOnlyForDeploymentPostprocessing = 0;
		};
/* End PBXSourcesBuildPhase section */

/* Begin PBXVariantGroup section */
		4587311425D4C25C00A8BA4C /* Main.storyboard */ = {
			isa = PBXVariantGroup;
			children = (
				4587311525D4C25C00A8BA4C /* Base */,
			);
			name = Main.storyboard;
			sourceTree = "<group>";
		};
		4587311925D4C25D00A8BA4C /* LaunchScreen.storyboard */ = {
			isa = PBXVariantGroup;
			children = (
				4587311A25D4C25D00A8BA4C /* Base */,
			);
			name = LaunchScreen.storyboard;
			sourceTree = "<group>";
		};
/* End PBXVariantGroup section */

/* Begin XCBuildConfiguration section */
		4587311D25D4C25D00A8BA4C /* Debug */ = {
			isa = XCBuildConfiguration;
			buildSettings = {
				ALWAYS_SEARCH_USER_PATHS = NO;
				CLANG_ANALYZER_NONNULL = YES;
				CLANG_ANALYZER_NUMBER_OBJECT_CONVERSION = YES_AGGRESSIVE;
				CLANG_CXX_LANGUAGE_STANDARD = "gnu++14";
				CLANG_CXX_LIBRARY = "libc++";
				CLANG_ENABLE_MODULES = YES;
				CLANG_ENABLE_OBJC_ARC = YES;
				CLANG_ENABLE_OBJC_WEAK = YES;
				CLANG_WARN_BLOCK_CAPTURE_AUTORELEASING = YES;
				CLANG_WARN_BOOL_CONVERSION = YES;
				CLANG_WARN_COMMA = YES;
				CLANG_WARN_CONSTANT_CONVERSION = YES;
				CLANG_WARN_DEPRECATED_OBJC_IMPLEMENTATIONS = YES;
				CLANG_WARN_DIRECT_OBJC_ISA_USAGE = YES_ERROR;
				CLANG_WARN_DOCUMENTATION_COMMENTS = YES;
				CLANG_WARN_EMPTY_BODY = YES;
				CLANG_WARN_ENUM_CONVERSION = YES;
				CLANG_WARN_INFINITE_RECURSION = YES;
				CLANG_WARN_INT_CONVERSION = YES;
				CLANG_WARN_NON_LITERAL_NULL_CONVERSION = YES;
				CLANG_WARN_OBJC_IMPLICIT_RETAIN_SELF = YES;
				CLANG_WARN_OBJC_LITERAL_CONVERSION = YES;
				CLANG_WARN_OBJC_ROOT_CLASS = YES_ERROR;
				CLANG_WARN_QUOTED_INCLUDE_IN_FRAMEWORK_HEADER = YES;
				CLANG_WARN_RANGE_LOOP_ANALYSIS = YES;
				CLANG_WARN_STRICT_PROTOTYPES = YES;
				CLANG_WARN_SUSPICIOUS_MOVE = YES;
				CLANG_WARN_UNGUARDED_AVAILABILITY = YES_AGGRESSIVE;
				CLANG_WARN_UNREACHABLE_CODE = YES;
				CLANG_WARN__DUPLICATE_METHOD_MATCH = YES;
				COPY_PHASE_STRIP = NO;
				DEBUG_INFORMATION_FORMAT = dwarf;
				ENABLE_STRICT_OBJC_MSGSEND = YES;
				ENABLE_TESTABILITY = YES;
				GCC_C_LANGUAGE_STANDARD = gnu11;
				GCC_DYNAMIC_NO_PIC = NO;
				GCC_NO_COMMON_BLOCKS = YES;
				GCC_OPTIMIZATION_LEVEL = 0;
				GCC_PREPROCESSOR_DEFINITIONS = (
					"DEBUG=1",
					"$(inherited)",
				);
				GCC_WARN_64_TO_32_BIT_CONVERSION = YES;
				GCC_WARN_ABOUT_RETURN_TYPE = YES_ERROR;
				GCC_WARN_UNDECLARED_SELECTOR = YES;
				GCC_WARN_UNINITIALIZED_AUTOS = YES_AGGRESSIVE;
				GCC_WARN_UNUSED_FUNCTION = YES;
				GCC_WARN_UNUSED_VARIABLE = YES;
				IPHONEOS_DEPLOYMENT_TARGET = 14.3;
				MTL_ENABLE_DEBUG_INFO = INCLUDE_SOURCE;
				MTL_FAST_MATH = YES;
				ONLY_ACTIVE_ARCH = YES;
				SDKROOT = iphoneos;
				SWIFT_ACTIVE_COMPILATION_CONDITIONS = DEBUG;
				SWIFT_OPTIMIZATION_LEVEL = "-Onone";
			};
			name = Debug;
		};
		4587311E25D4C25D00A8BA4C /* Release */ = {
			isa = XCBuildConfiguration;
			buildSettings = {
				ALWAYS_SEARCH_USER_PATHS = NO;
				CLANG_ANALYZER_NONNULL = YES;
				CLANG_ANALYZER_NUMBER_OBJECT_CONVERSION = YES_AGGRESSIVE;
				CLANG_CXX_LANGUAGE_STANDARD = "gnu++14";
				CLANG_CXX_LIBRARY = "libc++";
				CLANG_ENABLE_MODULES = YES;
				CLANG_ENABLE_OBJC_ARC = YES;
				CLANG_ENABLE_OBJC_WEAK = YES;
				CLANG_WARN_BLOCK_CAPTURE_AUTORELEASING = YES;
				CLANG_WARN_BOOL_CONVERSION = YES;
				CLANG_WARN_COMMA = YES;
				CLANG_WARN_CONSTANT_CONVERSION = YES;
				CLANG_WARN_DEPRECATED_OBJC_IMPLEMENTATIONS = YES;
				CLANG_WARN_DIRECT_OBJC_ISA_USAGE = YES_ERROR;
				CLANG_WARN_DOCUMENTATION_COMMENTS = YES;
				CLANG_WARN_EMPTY_BODY = YES;
				CLANG_WARN_ENUM_CONVERSION = YES;
				CLANG_WARN_INFINITE_RECURSION = YES;
				CLANG_WARN_INT_CONVERSION = YES;
				CLANG_WARN_NON_LITERAL_NULL_CONVERSION = YES;
				CLANG_WARN_OBJC_IMPLICIT_RETAIN_SELF = YES;
				CLANG_WARN_OBJC_LITERAL_CONVERSION = YES;
				CLANG_WARN_OBJC_ROOT_CLASS = YES_ERROR;
				CLANG_WARN_QUOTED_INCLUDE_IN_FRAMEWORK_HEADER = YES;
				CLANG_WARN_RANGE_LOOP_ANALYSIS = YES;
				CLANG_WARN_STRICT_PROTOTYPES = YES;
				CLANG_WARN_SUSPICIOUS_MOVE = YES;
				CLANG_WARN_UNGUARDED_AVAILABILITY = YES_AGGRESSIVE;
				CLANG_WARN_UNREACHABLE_CODE = YES;
				CLANG_WARN__DUPLICATE_METHOD_MATCH = YES;
				COPY_PHASE_STRIP = NO;
				DEBUG_INFORMATION_FORMAT = "dwarf-with-dsym";
				ENABLE_NS_ASSERTIONS = NO;
				ENABLE_STRICT_OBJC_MSGSEND = YES;
				GCC_C_LANGUAGE_STANDARD = gnu11;
				GCC_NO_COMMON_BLOCKS = YES;
				GCC_WARN_64_TO_32_BIT_CONVERSION = YES;
				GCC_WARN_ABOUT_RETURN_TYPE = YES_ERROR;
				GCC_WARN_UNDECLARED_SELECTOR = YES;
				GCC_WARN_UNINITIALIZED_AUTOS = YES_AGGRESSIVE;
				GCC_WARN_UNUSED_FUNCTION = YES;
				GCC_WARN_UNUSED_VARIABLE = YES;
				IPHONEOS_DEPLOYMENT_TARGET = 14.3;
				MTL_ENABLE_DEBUG_INFO = NO;
				MTL_FAST_MATH = YES;
				SDKROOT = iphoneos;
				SWIFT_COMPILATION_MODE = wholemodule;
				SWIFT_OPTIMIZATION_LEVEL = "-O";
				VALIDATE_PRODUCT = YES;
			};
			name = Release;
		};
		4587312025D4C25D00A8BA4C /* Debug */ = {
			isa = XCBuildConfiguration;
			buildSettings = {
				ASSETCATALOG_COMPILER_APPICON_NAME = AppIcon;
				ASSETCATALOG_COMPILER_GLOBAL_ACCENT_COLOR_NAME = AccentColor;
				CODE_SIGN_STYLE = Automatic;
				DEVELOPMENT_TEAM = 2UB54RR38V;
				INFOPLIST_FILE = pickly/Info.plist;
				LD_RUNPATH_SEARCH_PATHS = (
					"$(inherited)",
					"@executable_path/Frameworks",
				);
				PRODUCT_BUNDLE_IDENTIFIER = com.omarrayyan.pickly;
				PRODUCT_NAME = "$(TARGET_NAME)";
				SWIFT_VERSION = 5.0;
				TARGETED_DEVICE_FAMILY = "1,2";
			};
			name = Debug;
		};
		4587312125D4C25D00A8BA4C /* Release */ = {
			isa = XCBuildConfiguration;
			buildSettings = {
				ASSETCATALOG_COMPILER_APPICON_NAME = AppIcon;
				ASSETCATALOG_COMPILER_GLOBAL_ACCENT_COLOR_NAME = AccentColor;
				CODE_SIGN_STYLE = Automatic;
				DEVELOPMENT_TEAM = 2UB54RR38V;
				INFOPLIST_FILE = pickly/Info.plist;
				LD_RUNPATH_SEARCH_PATHS = (
					"$(inherited)",
					"@executable_path/Frameworks",
				);
				PRODUCT_BUNDLE_IDENTIFIER = com.omarrayyan.pickly;
				PRODUCT_NAME = "$(TARGET_NAME)";
				SWIFT_VERSION = 5.0;
				TARGETED_DEVICE_FAMILY = "1,2";
			};
			name = Release;
		};
/* End XCBuildConfiguration section */

/* Begin XCConfigurationList section */
		4587310625D4C25C00A8BA4C /* Build configuration list for PBXProject "pickly" */ = {
			isa = XCConfigurationList;
			buildConfigurations = (
				4587311D25D4C25D00A8BA4C /* Debug */,
				4587311E25D4C25D00A8BA4C /* Release */,
			);
			defaultConfigurationIsVisible = 0;
			defaultConfigurationName = Release;
		};
		4587311F25D4C25D00A8BA4C /* Build configuration list for PBXNativeTarget "pickly" */ = {
			isa = XCConfigurationList;
			buildConfigurations = (
				4587312025D4C25D00A8BA4C /* Debug */,
				4587312125D4C25D00A8BA4C /* Release */,
			);
			defaultConfigurationIsVisible = 0;
			defaultConfigurationName = Release;
		};
/* End XCConfigurationList section */
	};
	rootObject = 4587310325D4C25C00A8BA4C /* Project object */;
}
